
Microsoft Visual Studio Solution File, Format Version 12.00
# Visual Studio 15
VisualStudioVersion = 15.0.28307.168
MinimumVisualStudioVersion = 10.0.40219.1
Project("{9A19103F-16F7-4668-BE54-9A1E7A4F7556}") = "FileStorage", "FileStorage\FileStorage.csproj", "{400B8BD8-A636-451B-9C16-9998B483E7B8}"
EndProject
Project("{2150E333-8FDC-42A3-9474-1A3956D46DE8}") = "SolutionFiles", "SolutionFiles", "{A3A71652-8039-4867-BBDF-3D10342CB991}"
	ProjectSection(SolutionItems) = preProject
		Dockerfile = Dockerfile
	EndProjectSection
EndProject
Global
	GlobalSection(SolutionConfigurationPlatforms) = preSolution
		Debug|Any CPU = Debug|Any CPU
		Release|Any CPU = Release|Any CPU
	EndGlobalSection
	GlobalSection(ProjectConfigurationPlatforms) = postSolution
		{400B8BD8-A636-451B-9C16-9998B483E7B8}.Debug|Any CPU.ActiveCfg = Debug|Any CPU
		{400B8BD8-A636-451B-9C16-9998B483E7B8}.Debug|Any CPU.Build.0 = Debug|Any CPU
		{400B8BD8-A636-451B-9C16-9998B483E7B8}.Release|Any CPU.ActiveCfg = Release|Any CPU
		{400B8BD8-A636-451B-9C16-9998B483E7B8}.Release|Any CPU.Build.0 = Release|Any CPU
	EndGlobalSection
	GlobalSection(SolutionProperties) = preSolution
		HideSolutionNode = FALSE
	EndGlobalSection
	GlobalSection(ExtensibilityGlobals) = postSolution
		SolutionGuid = {D4C3096E-67ED-4C89-8492-81F093E3F03E}
	EndGlobalSection
EndGlobal
